
Microsoft Visual Studio Solution File, Format Version 12.00
# Visual Studio Version 17
VisualStudioVersion = 17.14.37216.2
MinimumVisualStudioVersion = 10.0.40219.1
Project("{FAE04EC0-301F-11D3-BF4B-00C04F79EFBC}") = "MauiBirthdayList", "MauiBirthdayList\MauiBirthdayList.csproj", "{30469F76-AD79-426D-B7A4-745863BB163E}"
EndProject
Global
	GlobalSection(SolutionConfigurationPlatforms) = preSolution
		Debug|Any CPU = Debug|Any CPU
		Release|Any CPU = Release|Any CPU
	EndGlobalSection
	GlobalSection(ProjectConfigurationPlatforms) = postSolution
		{30469F76-AD79-426D-B7A4-745863BB163E}.Debug|Any CPU.ActiveCfg = Debug|Any CPU
		{30469F76-AD79-426D-B7A4-745863BB163E}.Debug|Any CPU.Build.0 = Debug|Any CPU
		{30469F76-AD79-426D-B7A4-745863BB163E}.Debug|Any CPU.Deploy.0 = Debug|Any CPU
		{30469F76-AD79-426D-B7A4-745863BB163E}.Release|Any CPU.ActiveCfg = Release|Any CPU
		{30469F76-AD79-426D-B7A4-745863BB163E}.Release|Any CPU.Build.0 = Release|Any CPU
	EndGlobalSection
	GlobalSection(SolutionProperties) = preSolution
		HideSolutionNode = FALSE
	EndGlobalSection
	GlobalSection(ExtensibilityGlobals) = postSolution
		SolutionGuid = {0BE780D4-5776-4AB9-9ED2-3D3F33A760E3}
	EndGlobalSection
EndGlobal
